
Microsoft Visual Studio Solution File, Format Version 12.00
# Visual Studio Version 16
VisualStudioVersion = 16.0.29519.87
MinimumVisualStudioVersion = 10.0.40219.1
Project("{FAE04EC0-301F-11D3-BF4B-00C04F79EFBC}") = "FileToVox LazyGUI", "FileToVox LazyGUI\FileToVox LazyGUI.csproj", "{CFD7408F-2168-4287-9568-80B8AD71A745}"
EndProject
Global
	GlobalSection(SolutionConfigurationPlatforms) = preSolution
		Debug|Any CPU = Debug|Any CPU
		Release|Any CPU = Release|Any CPU
	EndGlobalSection
	GlobalSection(ProjectConfigurationPlatforms) = postSolution
		{CFD7408F-2168-4287-9568-80B8AD71A745}.Debug|Any CPU.ActiveCfg = Debug|Any CPU
		{CFD7408F-2168-4287-9568-80B8AD71A745}.Debug|Any CPU.Build.0 = Debug|Any CPU
		{CFD7408F-2168-4287-9568-80B8AD71A745}.Release|Any CPU.ActiveCfg = Release|Any CPU
		{CFD7408F-2168-4287-9568-80B8AD71A745}.Release|Any CPU.Build.0 = Release|Any CPU
	EndGlobalSection
	GlobalSection(SolutionProperties) = preSolution
		HideSolutionNode = FALSE
	EndGlobalSection
	GlobalSection(ExtensibilityGlobals) = postSolution
		SolutionGuid = {B0FA8B23-8517-461A-B2B1-8FA792E29EFE}
	EndGlobalSection
EndGlobal
